// !$*UTF8*$!
{
	archiveVersion = 1;
	classes = {
	};
	objectVersion = 56;
	objects = {

/* Begin PBXBuildFile section */
		3A78F80B29C49F5C00C02C43 /* AppDelegate.swift in Sources */ = {isa = PBXBuildFile; fileRef = 3A78F80A29C49F5C00C02C43 /* AppDelegate.swift */; };
		3A78F80D29C49F5C00C02C43 /* SceneDelegate.swift in Sources */ = {isa = PBXBuildFile; fileRef = 3A78F80C29C49F5C00C02C43 /* SceneDelegate.swift */; };
		3A78F80F29C49F5C00C02C43 /* ViewController.swift in Sources */ = {isa = PBXBuildFile; fileRef = 3A78F80E29C49F5C00C02C43 /* ViewController.swift */; };
		3A78F81229C49F5C00C02C43 /* Main.storyboard in Resources */ = {isa = PBXBuildFile; fileRef = 3A78F81029C49F5C00C02C43 /* Main.storyboard */; };
		3A78F81429C49F5D00C02C43 /* Assets.xcassets in Resources */ = {isa = PBXBuildFile; fileRef = 3A78F81329C49F5D00C02C43 /* Assets.xcassets */; };
		3A78F81729C49F5D00C02C43 /* LaunchScreen.storyboard in Resources */ = {isa = PBXBuildFile; fileRef = 3A78F81529C49F5D00C02C43 /* LaunchScreen.storyboard */; };
		3A78F81F29C4A61300C02C43 /* TableViewPizzaViewController.swift in Sources */ = {isa = PBXBuildFile; fileRef = 3A78F81E29C4A61300C02C43 /* TableViewPizzaViewController.swift */; };
		3A78F82229C4A65B00C02C43 /* PizzaTableViewCell.swift in Sources */ = {isa = PBXBuildFile; fileRef = 3A78F82029C4A65B00C02C43 /* PizzaTableViewCell.swift */; };
		3A78F82329C4A65B00C02C43 /* PizzaTableViewCell.xib in Resources */ = {isa = PBXBuildFile; fileRef = 3A78F82129C4A65B00C02C43 /* PizzaTableViewCell.xib */; };
		3A78F82529C4A8BE00C02C43 /* Pizza.swift in Sources */ = {isa = PBXBuildFile; fileRef = 3A78F82429C4A8BE00C02C43 /* Pizza.swift */; };
		3A78F82729C4B6BB00C02C43 /* ScreenRatingViewController.swift in Sources */ = {isa = PBXBuildFile; fileRef = 3A78F82629C4B6BB00C02C43 /* ScreenRatingViewController.swift */; };
		3A78F82929C4BAF000C02C43 /* ScreenValueViewController.swift in Sources */ = {isa = PBXBuildFile; fileRef = 3A78F82829C4BAF000C02C43 /* ScreenValueViewController.swift */; };
		71102CF492D65A08170F27A0 /* Pods_ProjectRequestPizzaThree.framework in Frameworks */ = {isa = PBXBuildFile; fileRef = 6C0311790B74E508DD1B839D /* Pods_ProjectRequestPizzaThree.framework */; };
/* End PBXBuildFile section */

/* Begin PBXFileReference section */
		1267030466381FBAEF820FFE /* Pods-ProjectRequestPizzaThree.release.xcconfig */ = {isa = PBXFileReference; includeInIndex = 1; lastKnownFileType = text.xcconfig; name = "Pods-ProjectRequestPizzaThree.release.xcconfig"; path = "Target Support Files/Pods-ProjectRequestPizzaThree/Pods-ProjectRequestPizzaThree.release.xcconfig"; sourceTree = "<group>"; };
		3A78F80729C49F5C00C02C43 /* ProjectRequestPizzaThree.app */ = {isa = PBXFileReference; explicitFileType = wrapper.application; includeInIndex = 0; path = ProjectRequestPizzaThree.app; sourceTree = BUILT_PRODUCTS_DIR; };
		3A78F80A29C49F5C00C02C43 /* AppDelegate.swift */ = {isa = PBXFileReference; lastKnownFileType = sourcecode.swift; path = AppDelegate.swift; sourceTree = "<group>"; };
		3A78F80C29C49F5C00C02C43 /* SceneDelegate.swift */ = {isa = PBXFileReference; lastKnownFileType = sourcecode.swift; path = SceneDelegate.swift; sourceTree = "<group>"; };
		3A78F80E29C49F5C00C02C43 /* ViewController.swift */ = {isa = PBXFileReference; lastKnownFileType = sourcecode.swift; path = ViewController.swift; sourceTree = "<group>"; };
		3A78F81129C49F5C00C02C43 /* Base */ = {isa = PBXFileReference; lastKnownFileType = file.storyboard; name = Base; path = Base.lproj/Main.storyboard; sourceTree = "<group>"; };
		3A78F81329C49F5D00C02C43 /* Assets.xcassets */ = {isa = PBXFileReference; lastKnownFileType = folder.assetcatalog; path = Assets.xcassets; sourceTree = "<group>"; };
		3A78F81629C49F5D00C02C43 /* Base */ = {isa = PBXFileReference; lastKnownFileType = file.storyboard; name = Base; path = Base.lproj/LaunchScreen.storyboard; sourceTree = "<group>"; };
		3A78F81829C49F5D00C02C43 /* Info.plist */ = {isa = PBXFileReference; lastKnownFileType = text.plist.xml; path = Info.plist; sourceTree = "<group>"; };
		3A78F81E29C4A61300C02C43 /* TableViewPizzaViewController.swift */ = {isa = PBXFileReference; lastKnownFileType = sourcecode.swift; path = TableViewPizzaViewController.swift; sourceTree = "<group>"; };
		3A78F82029C4A65B00C02C43 /* PizzaTableViewCell.swift */ = {isa = PBXFileReference; lastKnownFileType = sourcecode.swift; path = PizzaTableViewCell.swift; sourceTree = "<group>"; };
		3A78F82129C4A65B00C02C43 /* PizzaTableViewCell.xib */ = {isa = PBXFileReference; lastKnownFileType = file.xib; path = PizzaTableViewCell.xib; sourceTree = "<group>"; };
		3A78F82429C4A8BE00C02C43 /* Pizza.swift */ = {isa = PBXFileReference; lastKnownFileType = sourcecode.swift; path = Pizza.swift; sourceTree = "<group>"; };
		3A78F82629C4B6BB00C02C43 /* ScreenRatingViewController.swift */ = {isa = PBXFileReference; lastKnownFileType = sourcecode.swift; path = ScreenRatingViewController.swift; sourceTree = "<group>"; };
		3A78F82829C4BAF000C02C43 /* ScreenValueViewController.swift */ = {isa = PBXFileReference; lastKnownFileType = sourcecode.swift; path = ScreenValueViewController.swift; sourceTree = "<group>"; };
		4EB31D472181C6D08DE8B6D5 /* Pods-ProjectRequestPizzaThree.debug.xcconfig */ = {isa = PBXFileReference; includeInIndex = 1; lastKnownFileType = text.xcconfig; name = "Pods-ProjectRequestPizzaThree.debug.xcconfig"; path = "Target Support Files/Pods-ProjectRequestPizzaThree/Pods-ProjectRequestPizzaThree.debug.xcconfig"; sourceTree = "<group>"; };
		6C0311790B74E508DD1B839D /* Pods_ProjectRequestPizzaThree.framework */ = {isa = PBXFileReference; explicitFileType = wrapper.framework; includeInIndex = 0; path = Pods_ProjectRequestPizzaThree.framework; sourceTree = BUILT_PRODUCTS_DIR; };
/* End PBXFileReference section */

/* Begin PBXFrameworksBuildPhase section */
		3A78F80429C49F5C00C02C43 /* Frameworks */ = {
			isa = PBXFrameworksBuildPhase;
			buildActionMask = 2147483647;
			files = (
				71102CF492D65A08170F27A0 /* Pods_ProjectRequestPizzaThree.framework in Frameworks */,
			);
			runOnlyForDeploymentPostprocessing = 0;
		};
/* End PBXFrameworksBuildPhase section */

/* Begin PBXGroup section */
		3A78F7FE29C49F5C00C02C43 = {
			isa = PBXGroup;
			children = (
				3A78F80929C49F5C00C02C43 /* ProjectRequestPizzaThree */,
				3A78F80829C49F5C00C02C43 /* Products */,
				50362D3A649DA6FA17C7C7CD /* Pods */,
				A3B983230DA25A399BFF06FA /* Frameworks */,
			);
			sourceTree = "<group>";
		};
		3A78F80829C49F5C00C02C43 /* Products */ = {
			isa = PBXGroup;
			children = (
				3A78F80729C49F5C00C02C43 /* ProjectRequestPizzaThree.app */,
			);
			name = Products;
			sourceTree = "<group>";
		};
		3A78F80929C49F5C00C02C43 /* ProjectRequestPizzaThree */ = {
			isa = PBXGroup;
			children = (
				3A78F80A29C49F5C00C02C43 /* AppDelegate.swift */,
				3A78F80C29C49F5C00C02C43 /* SceneDelegate.swift */,
				3A78F81029C49F5C00C02C43 /* Main.storyboard */,
				3A78F82429C4A8BE00C02C43 /* Pizza.swift */,
				3A78F80E29C49F5C00C02C43 /* ViewController.swift */,
				3A78F81E29C4A61300C02C43 /* TableViewPizzaViewController.swift */,
				3A78F82629C4B6BB00C02C43 /* ScreenRatingViewController.swift */,
				3A78F82829C4BAF000C02C43 /* ScreenValueViewController.swift */,
				3A78F82029C4A65B00C02C43 /* PizzaTableViewCell.swift */,
				3A78F82129C4A65B00C02C43 /* PizzaTableViewCell.xib */,
				3A78F81329C49F5D00C02C43 /* Assets.xcassets */,
				3A78F81529C49F5D00C02C43 /* LaunchScreen.storyboard */,
				3A78F81829C49F5D00C02C43 /* Info.plist */,
			);
			path = ProjectRequestPizzaThree;
			sourceTree = "<group>";
		};
		50362D3A649DA6FA17C7C7CD /* Pods */ = {
			isa = PBXGroup;
			children = (
				4EB31D472181C6D08DE8B6D5 /* Pods-ProjectRequestPizzaThree.debug.xcconfig */,
				1267030466381FBAEF820FFE /* Pods-ProjectRequestPizzaThree.release.xcconfig */,
			);
			path = Pods;
			sourceTree = "<group>";
		};
		A3B983230DA25A399BFF06FA /* Frameworks */ = {
			isa = PBXGroup;
			children = (
				6C0311790B74E508DD1B839D /* Pods_ProjectRequestPizzaThree.framework */,
			);
			name = Frameworks;
			sourceTree = "<group>";
		};
/* End PBXGroup section */

/* Begin PBXNativeTarget section */
		3A78F80629C49F5C00C02C43 /* ProjectRequestPizzaThree */ = {
			isa = PBXNativeTarget;
			buildConfigurationList = 3A78F81B29C49F5D00C02C43 /* Build configuration list for PBXNativeTarget "ProjectRequestPizzaThree" */;
			buildPhases = (
				E9B7902D090984731337C2B5 /* [CP] Check Pods Manifest.lock */,
				3A78F80329C49F5C00C02C43 /* Sources */,
				3A78F80429C49F5C00C02C43 /* Frameworks */,
				3A78F80529C49F5C00C02C43 /* Resources */,
				0B8ACE0DCFB41882B9650DCE /* [CP] Embed Pods Frameworks */,
			);
			buildRules = (
			);
			dependencies = (
			);
			name = ProjectRequestPizzaThree;
			productName = ProjectRequestPizzaThree;
			productReference = 3A78F80729C49F5C00C02C43 /* ProjectRequestPizzaThree.app */;
			productType = "com.apple.product-type.application";
		};
/* End PBXNativeTarget section */

/* Begin PBXProject section */
		3A78F7FF29C49F5C00C02C43 /* Project object */ = {
			isa = PBXProject;
			attributes = {
				BuildIndependentTargetsInParallel = 1;
				LastSwiftUpdateCheck = 1410;
				LastUpgradeCheck = 1410;
				TargetAttributes = {
					3A78F80629C49F5C00C02C43 = {
						CreatedOnToolsVersion = 14.1;
					};
				};
			};
			buildConfigurationList = 3A78F80229C49F5C00C02C43 /* Build configuration list for PBXProject "ProjectRequestPizzaThree" */;
			compatibilityVersion = "Xcode 14.0";
			developmentRegion = en;
			hasScannedForEncodings = 0;
			knownRegions = (
				en,
				Base,
			);
			mainGroup = 3A78F7FE29C49F5C00C02C43;
			productRefGroup = 3A78F80829C49F5C00C02C43 /* Products */;
			projectDirPath = "";
			projectRoot = "";
			targets = (
				3A78F80629C49F5C00C02C43 /* ProjectRequestPizzaThree */,
			);
		};
/* End PBXProject section */

/* Begin PBXResourcesBuildPhase section */
		3A78F80529C49F5C00C02C43 /* Resources */ = {
			isa = PBXResourcesBuildPhase;
			buildActionMask = 2147483647;
			files = (
				3A78F82329C4A65B00C02C43 /* PizzaTableViewCell.xib in Resources */,
				3A78F81729C49F5D00C02C43 /* LaunchScreen.storyboard in Resources */,
				3A78F81429C49F5D00C02C43 /* Assets.xcassets in Resources */,
				3A78F81229C49F5C00C02C43 /* Main.storyboard in Resources */,
			);
			runOnlyForDeploymentPostprocessing = 0;
		};
/* End PBXResourcesBuildPhase section */

/* Begin PBXShellScriptBuildPhase section */
		0B8ACE0DCFB41882B9650DCE /* [CP] Embed Pods Frameworks */ = {
			isa = PBXShellScriptBuildPhase;
			buildActionMask = 2147483647;
			files = (
			);
			inputFileListPaths = (
				"${PODS_ROOT}/Target Support Files/Pods-ProjectRequestPizzaThree/Pods-ProjectRequestPizzaThree-frameworks-${CONFIGURATION}-input-files.xcfilelist",
			);
			name = "[CP] Embed Pods Frameworks";
			outputFileListPaths = (
				"${PODS_ROOT}/Target Support Files/Pods-ProjectRequestPizzaThree/Pods-ProjectRequestPizzaThree-frameworks-${CONFIGURATION}-output-files.xcfilelist",
			);
			runOnlyForDeploymentPostprocessing = 0;
			shellPath = /bin/sh;
			shellScript = "\"${PODS_ROOT}/Target Support Files/Pods-ProjectRequestPizzaThree/Pods-ProjectRequestPizzaThree-frameworks.sh\"\n";
			showEnvVarsInLog = 0;
		};
		E9B7902D090984731337C2B5 /* [CP] Check Pods Manifest.lock */ = {
			isa = PBXShellScriptBuildPhase;
			buildActionMask = 2147483647;
			files = (
			);
			inputFileListPaths = (
			);
			inputPaths = (
				"${PODS_PODFILE_DIR_PATH}/Podfile.lock",
				"${PODS_ROOT}/Manifest.lock",
			);
			name = "[CP] Check Pods Manifest.lock";
			outputFileListPaths = (
			);
			outputPaths = (
				"$(DERIVED_FILE_DIR)/Pods-ProjectRequestPizzaThree-checkManifestLockResult.txt",
			);
			runOnlyForDeploymentPostprocessing = 0;
			shellPath = /bin/sh;
			shellScript = "diff \"${PODS_PODFILE_DIR_PATH}/Podfile.lock\" \"${PODS_ROOT}/Manifest.lock\" > /dev/null\nif [ $? != 0 ] ; then\n    # print error to STDERR\n    echo \"error: The sandbox is not in sync with the Podfile.lock. Run 'pod install' or update your CocoaPods installation.\" >&2\n    exit 1\nfi\n# This output is used by Xcode 'outputs' to avoid re-running this script phase.\necho \"SUCCESS\" > \"${SCRIPT_OUTPUT_FILE_0}\"\n";
			showEnvVarsInLog = 0;
		};
/* End PBXShellScriptBuildPhase section */

/* Begin PBXSourcesBuildPhase section */
		3A78F80329C49F5C00C02C43 /* Sources */ = {
			isa = PBXSourcesBuildPhase;
			buildActionMask = 2147483647;
			files = (
				3A78F80F29C49F5C00C02C43 /* ViewController.swift in Sources */,
				3A78F81F29C4A61300C02C43 /* TableViewPizzaViewController.swift in Sources */,
				3A78F82529C4A8BE00C02C43 /* Pizza.swift in Sources */,
				3A78F80B29C49F5C00C02C43 /* AppDelegate.swift in Sources */,
				3A78F82729C4B6BB00C02C43 /* ScreenRatingViewController.swift in Sources */,
				3A78F82229C4A65B00C02C43 /* PizzaTableViewCell.swift in Sources */,
				3A78F82929C4BAF000C02C43 /* ScreenValueViewController.swift in Sources */,
				3A78F80D29C49F5C00C02C43 /* SceneDelegate.swift in Sources */,
			);
			runOnlyForDeploymentPostprocessing = 0;
		};
/* End PBXSourcesBuildPhase section */

/* Begin PBXVariantGroup section */
		3A78F81029C49F5C00C02C43 /* Main.storyboard */ = {
			isa = PBXVariantGroup;
			children = (
				3A78F81129C49F5C00C02C43 /* Base */,
			);
			name = Main.storyboard;
			sourceTree = "<group>";
		};
		3A78F81529C49F5D00C02C43 /* LaunchScreen.storyboard */ = {
			isa = PBXVariantGroup;
			children = (
				3A78F81629C49F5D00C02C43 /* Base */,
			);
			name = LaunchScreen.storyboard;
			sourceTree = "<group>";
		};
/* End PBXVariantGroup section */

/* Begin XCBuildConfiguration section */
		3A78F81929C49F5D00C02C43 /* Debug */ = {
			isa = XCBuildConfiguration;
			buildSettings = {
				ALWAYS_SEARCH_USER_PATHS = NO;
				CLANG_ANALYZER_NONNULL = YES;
				CLANG_ANALYZER_NUMBER_OBJECT_CONVERSION = YES_AGGRESSIVE;
				CLANG_CXX_LANGUAGE_STANDARD = "gnu++20";
				CLANG_ENABLE_MODULES = YES;
				CLANG_ENABLE_OBJC_ARC = YES;
				CLANG_ENABLE_OBJC_WEAK = YES;
				CLANG_WARN_BLOCK_CAPTURE_AUTORELEASING = YES;
				CLANG_WARN_BOOL_CONVERSION = YES;
				CLANG_WARN_COMMA = YES;
				CLANG_WARN_CONSTANT_CONVERSION = YES;
				CLANG_WARN_DEPRECATED_OBJC_IMPLEMENTATIONS = YES;
				CLANG_WARN_DIRECT_OBJC_ISA_USAGE = YES_ERROR;
				CLANG_WARN_DOCUMENTATION_COMMENTS = YES;
				CLANG_WARN_EMPTY_BODY = YES;
				CLANG_WARN_ENUM_CONVERSION = YES;
				CLANG_WARN_INFINITE_RECURSION = YES;
				CLANG_WARN_INT_CONVERSION = YES;
				CLANG_WARN_NON_LITERAL_NULL_CONVERSION = YES;
				CLANG_WARN_OBJC_IMPLICIT_RETAIN_SELF = YES;
				CLANG_WARN_OBJC_LITERAL_CONVERSION = YES;
				CLANG_WARN_OBJC_ROOT_CLASS = YES_ERROR;
				CLANG_WARN_QUOTED_INCLUDE_IN_FRAMEWORK_HEADER = YES;
				CLANG_WARN_RANGE_LOOP_ANALYSIS = YES;
				CLANG_WARN_STRICT_PROTOTYPES = YES;
				CLANG_WARN_SUSPICIOUS_MOVE = YES;
				CLANG_WARN_UNGUARDED_AVAILABILITY = YES_AGGRESSIVE;
				CLANG_WARN_UNREACHABLE_CODE = YES;
				CLANG_WARN__DUPLICATE_METHOD_MATCH = YES;
				COPY_PHASE_STRIP = NO;
				DEBUG_INFORMATION_FORMAT = dwarf;
				ENABLE_STRICT_OBJC_MSGSEND = YES;
				ENABLE_TESTABILITY = YES;
				GCC_C_LANGUAGE_STANDARD = gnu11;
				GCC_DYNAMIC_NO_PIC = NO;
				GCC_NO_COMMON_BLOCKS = YES;
				GCC_OPTIMIZATION_LEVEL = 0;
				GCC_PREPROCESSOR_DEFINITIONS = (
					"DEBUG=1",
					"$(inherited)",
				);
				GCC_WARN_64_TO_32_BIT_CONVERSION = YES;
				GCC_WARN_ABOUT_RETURN_TYPE = YES_ERROR;
				GCC_WARN_UNDECLARED_SELECTOR = YES;
				GCC_WARN_UNINITIALIZED_AUTOS = YES_AGGRESSIVE;
				GCC_WARN_UNUSED_FUNCTION = YES;
				GCC_WARN_UNUSED_VARIABLE = YES;
				IPHONEOS_DEPLOYMENT_TARGET = 16.1;
				MTL_ENABLE_DEBUG_INFO = INCLUDE_SOURCE;
				MTL_FAST_MATH = YES;
				ONLY_ACTIVE_ARCH = YES;
				SDKROOT = iphoneos;
				SWIFT_ACTIVE_COMPILATION_CONDITIONS = DEBUG;
				SWIFT_OPTIMIZATION_LEVEL = "-Onone";
			};
			name = Debug;
		};
		3A78F81A29C49F5D00C02C43 /* Release */ = {
			isa = XCBuildConfiguration;
			buildSettings = {
				ALWAYS_SEARCH_USER_PATHS = NO;
				CLANG_ANALYZER_NONNULL = YES;
				CLANG_ANALYZER_NUMBER_OBJECT_CONVERSION = YES_AGGRESSIVE;
				CLANG_CXX_LANGUAGE_STANDARD = "gnu++20";
				CLANG_ENABLE_MODULES = YES;
				CLANG_ENABLE_OBJC_ARC = YES;
				CLANG_ENABLE_OBJC_WEAK = YES;
				CLANG_WARN_BLOCK_CAPTURE_AUTORELEASING = YES;
				CLANG_WARN_BOOL_CONVERSION = YES;
				CLANG_WARN_COMMA = YES;
				CLANG_WARN_CONSTANT_CONVERSION = YES;
				CLANG_WARN_DEPRECATED_OBJC_IMPLEMENTATIONS = YES;
				CLANG_WARN_DIRECT_OBJC_ISA_USAGE = YES_ERROR;
				CLANG_WARN_DOCUMENTATION_COMMENTS = YES;
				CLANG_WARN_EMPTY_BODY = YES;
				CLANG_WARN_ENUM_CONVERSION = YES;
				CLANG_WARN_INFINITE_RECURSION = YES;
				CLANG_WARN_INT_CONVERSION = YES;
				CLANG_WARN_NON_LITERAL_NULL_CONVERSION = YES;
				CLANG_WARN_OBJC_IMPLICIT_RETAIN_SELF = YES;
				CLANG_WARN_OBJC_LITERAL_CONVERSION = YES;
				CLANG_WARN_OBJC_ROOT_CLASS = YES_ERROR;
				CLANG_WARN_QUOTED_INCLUDE_IN_FRAMEWORK_HEADER = YES;
				CLANG_WARN_RANGE_LOOP_ANALYSIS = YES;
				CLANG_WARN_STRICT_PROTOTYPES = YES;
				CLANG_WARN_SUSPICIOUS_MOVE = YES;
				CLANG_WARN_UNGUARDED_AVAILABILITY = YES_AGGRESSIVE;
				CLANG_WARN_UNREACHABLE_CODE = YES;
				CLANG_WARN__DUPLICATE_METHOD_MATCH = YES;
				COPY_PHASE_STRIP = NO;
				DEBUG_INFORMATION_FORMAT = "dwarf-with-dsym";
				ENABLE_NS_ASSERTIONS = NO;
				ENABLE_STRICT_OBJC_MSGSEND = YES;
				GCC_C_LANGUAGE_STANDARD = gnu11;
				GCC_NO_COMMON_BLOCKS = YES;
				GCC_WARN_64_TO_32_BIT_CONVERSION = YES;
				GCC_WARN_ABOUT_RETURN_TYPE = YES_ERROR;
				GCC_WARN_UNDECLARED_SELECTOR = YES;
				GCC_WARN_UNINITIALIZED_AUTOS = YES_AGGRESSIVE;
				GCC_WARN_UNUSED_FUNCTION = YES;
				GCC_WARN_UNUSED_VARIABLE = YES;
				IPHONEOS_DEPLOYMENT_TARGET = 16.1;
				MTL_ENABLE_DEBUG_INFO = NO;
				MTL_FAST_MATH = YES;
				SDKROOT = iphoneos;
				SWIFT_COMPILATION_MODE = wholemodule;
				SWIFT_OPTIMIZATION_LEVEL = "-O";
				VALIDATE_PRODUCT = YES;
			};
			name = Release;
		};
		3A78F81C29C49F5D00C02C43 /* Debug */ = {
			isa = XCBuildConfiguration;
			baseConfigurationReference = 4EB31D472181C6D08DE8B6D5 /* Pods-ProjectRequestPizzaThree.debug.xcconfig */;
			buildSettings = {
				ASSETCATALOG_COMPILER_APPICON_NAME = AppIcon;
				ASSETCATALOG_COMPILER_GLOBAL_ACCENT_COLOR_NAME = AccentColor;
				CODE_SIGN_STYLE = Automatic;
				CURRENT_PROJECT_VERSION = 1;
				GENERATE_INFOPLIST_FILE = YES;
				INFOPLIST_FILE = ProjectRequestPizzaThree/Info.plist;
				INFOPLIST_KEY_UIApplicationSupportsIndirectInputEvents = YES;
				INFOPLIST_KEY_UILaunchStoryboardName = LaunchScreen;
				INFOPLIST_KEY_UIMainStoryboardFile = Main;
				INFOPLIST_KEY_UISupportedInterfaceOrientations_iPad = "UIInterfaceOrientationPortrait UIInterfaceOrientationPortraitUpsideDown UIInterfaceOrientationLandscapeLeft UIInterfaceOrientationLandscapeRight";
				INFOPLIST_KEY_UISupportedInterfaceOrientations_iPhone = "UIInterfaceOrientationPortrait UIInterfaceOrientationLandscapeLeft UIInterfaceOrientationLandscapeRight";
				LD_RUNPATH_SEARCH_PATHS = (
					"$(inherited)",
					"@executable_path/Frameworks",
				);
				MARKETING_VERSION = 1.0;
				PRODUCT_BUNDLE_IDENTIFIER = com.miriansantana.ProjectRequestPizzaThree;
				PRODUCT_NAME = "$(TARGET_NAME)";
				SWIFT_EMIT_LOC_STRINGS = YES;
				SWIFT_VERSION = 5.0;
				TARGETED_DEVICE_FAMILY = "1,2";
			};
			name = Debug;
		};
		3A78F81D29C49F5D00C02C43 /* Release */ = {
			isa = XCBuildConfiguration;
			baseConfigurationReference = 1267030466381FBAEF820FFE /* Pods-ProjectRequestPizzaThree.release.xcconfig */;
			buildSettings = {
				ASSETCATALOG_COMPILER_APPICON_NAME = AppIcon;
				ASSETCATALOG_COMPILER_GLOBAL_ACCENT_COLOR_NAME = AccentColor;
				CODE_SIGN_STYLE = Automatic;
				CURRENT_PROJECT_VERSION = 1;
				GENERATE_INFOPLIST_FILE = YES;
				INFOPLIST_FILE = ProjectRequestPizzaThree/Info.plist;
				INFOPLIST_KEY_UIApplicationSupportsIndirectInputEvents = YES;
				INFOPLIST_KEY_UILaunchStoryboardName = LaunchScreen;
				INFOPLIST_KEY_UIMainStoryboardFile = Main;
				INFOPLIST_KEY_UISupportedInterfaceOrientations_iPad = "UIInterfaceOrientationPortrait UIInterfaceOrientationPortraitUpsideDown UIInterfaceOrientationLandscapeLeft UIInterfaceOrientationLandscapeRight";
				INFOPLIST_KEY_UISupportedInterfaceOrientations_iPhone = "UIInterfaceOrientationPortrait UIInterfaceOrientationLandscapeLeft UIInterfaceOrientationLandscapeRight";
				LD_RUNPATH_SEARCH_PATHS = (
					"$(inherited)",
					"@executable_path/Frameworks",
				);
				MARKETING_VERSION = 1.0;
				PRODUCT_BUNDLE_IDENTIFIER = com.miriansantana.ProjectRequestPizzaThree;
				PRODUCT_NAME = "$(TARGET_NAME)";
				SWIFT_EMIT_LOC_STRINGS = YES;
				SWIFT_VERSION = 5.0;
				TARGETED_DEVICE_FAMILY = "1,2";
			};
			name = Release;
		};
/* End XCBuildConfiguration section */

/* Begin XCConfigurationList section */
		3A78F80229C49F5C00C02C43 /* Build configuration list for PBXProject "ProjectRequestPizzaThree" */ = {
			isa = XCConfigurationList;
			buildConfigurations = (
				3A78F81929C49F5D00C02C43 /* Debug */,
				3A78F81A29C49F5D00C02C43 /* Release */,
			);
			defaultConfigurationIsVisible = 0;
			defaultConfigurationName = Release;
		};
		3A78F81B29C49F5D00C02C43 /* Build configuration list for PBXNativeTarget "ProjectRequestPizzaThree" */ = {
			isa = XCConfigurationList;
			buildConfigurations = (
				3A78F81C29C49F5D00C02C43 /* Debug */,
				3A78F81D29C49F5D00C02C43 /* Release */,
			);
			defaultConfigurationIsVisible = 0;
			defaultConfigurationName = Release;
		};
/* End XCConfigurationList section */
	};
	rootObject = 3A78F7FF29C49F5C00C02C43 /* Project object */;
}
